
Microsoft Visual Studio Solution File, Format Version 12.00
# Visual Studio 2013
VisualStudioVersion = 12.0.31101.0
MinimumVisualStudioVersion = 10.0.40219.1
Project("{FAE04EC0-301F-11D3-BF4B-00C04F79EFBC}") = "SampleApplication", "SampleApplication.csproj", "{A12B3EF3-AC23-4E15-8327-9AAD839AA1C5}"
EndProject
Project("{2150E333-8FDC-42A3-9474-1A3956D46DE8}") = "Modules", "Modules", "{7A9A786B-9F62-4971-A2E0-0AE2B077F635}"
EndProject
Project("{FAE04EC0-301F-11D3-BF4B-00C04F79EFBC}") = "SampleApplication.Modules.Menu", "SampleApplication.Modules.Menu\SampleApplication.Modules.Menu.csproj", "{6F5BD6A2-B408-4D00-AD48-02AB218DA58A}"
EndProject
Project("{FAE04EC0-301F-11D3-BF4B-00C04F79EFBC}") = "SampleApplication.Modules.ModuleA", "SampleApplication.Modules.ModuleA\SampleApplication.Modules.ModuleA.csproj", "{594CCD17-08D8-44EB-992A-6D6C7C78AECF}"
EndProject
Project("{FAE04EC0-301F-11D3-BF4B-00C04F79EFBC}") = "SampleApplication.Modules.ModuleB", "SampleApplication.Modules.ModuleB\SampleApplication.Modules.ModuleB.csproj", "{8014543A-3309-4171-A43E-AD0B27D96D35}"
EndProject
Project("{FAE04EC0-301F-11D3-BF4B-00C04F79EFBC}") = "SampleApplication.Modules.ModuleC", "SampleApplication.Modules.ModuleC\SampleApplication.Modules.ModuleC.csproj", "{40753EE0-CC44-40F0-9CDD-EDE0C262360A}"
EndProject
Project("{FAE04EC0-301F-11D3-BF4B-00C04F79EFBC}") = "SampleApplication.Modules.Sidebar", "SampleApplication.Modules.Sidebar\SampleApplication.Modules.Sidebar.csproj", "{0A67A19E-49BD-4717-A214-D8D06F80F9D0}"
EndProject
Project("{FAE04EC0-301F-11D3-BF4B-00C04F79EFBC}") = "SampleApplication.Resources", "SampleApplication.Resources\SampleApplication.Resources.csproj", "{A9AA5446-7A97-4219-B87D-A9D1AC02B039}"
EndProject
Project("{FAE04EC0-301F-11D3-BF4B-00C04F79EFBC}") = "SampleApplication.PubSubEvents", "SampleApplication.PubSubEvents\SampleApplication.PubSubEvents.csproj", "{1CCF92F7-0208-48F6-87B8-07D7AEC994E5}"
EndProject
Project("{FAE04EC0-301F-11D3-BF4B-00C04F79EFBC}") = "SampleApplication.Controls", "SampleApplication.Controls\SampleApplication.Controls.csproj", "{D8E21EFA-CBE8-4852-8919-8AC812357BD8}"
EndProject
Project("{FAE04EC0-301F-11D3-BF4B-00C04F79EFBC}") = "SampleApplication.Common", "SampleApplication.Common\SampleApplication.Common.csproj", "{7B5CDB3E-6965-4D7A-B69A-B9407F9F1492}"
EndProject
Global
	GlobalSection(SolutionConfigurationPlatforms) = preSolution
		Debug|Any CPU = Debug|Any CPU
		Release|Any CPU = Release|Any CPU
	EndGlobalSection
	GlobalSection(ProjectConfigurationPlatforms) = postSolution
		{A12B3EF3-AC23-4E15-8327-9AAD839AA1C5}.Debug|Any CPU.ActiveCfg = Debug|Any CPU
		{A12B3EF3-AC23-4E15-8327-9AAD839AA1C5}.Debug|Any CPU.Build.0 = Debug|Any CPU
		{A12B3EF3-AC23-4E15-8327-9AAD839AA1C5}.Release|Any CPU.ActiveCfg = Release|Any CPU
		{A12B3EF3-AC23-4E15-8327-9AAD839AA1C5}.Release|Any CPU.Build.0 = Release|Any CPU
		{6F5BD6A2-B408-4D00-AD48-02AB218DA58A}.Debug|Any CPU.ActiveCfg = Debug|Any CPU
		{6F5BD6A2-B408-4D00-AD48-02AB218DA58A}.Debug|Any CPU.Build.0 = Debug|Any CPU
		{6F5BD6A2-B408-4D00-AD48-02AB218DA58A}.Release|Any CPU.ActiveCfg = Release|Any CPU
		{6F5BD6A2-B408-4D00-AD48-02AB218DA58A}.Release|Any CPU.Build.0 = Release|Any CPU
		{594CCD17-08D8-44EB-992A-6D6C7C78AECF}.Debug|Any CPU.ActiveCfg = Debug|Any CPU
		{594CCD17-08D8-44EB-992A-6D6C7C78AECF}.Debug|Any CPU.Build.0 = Debug|Any CPU
		{594CCD17-08D8-44EB-992A-6D6C7C78AECF}.Release|Any CPU.ActiveCfg = Release|Any CPU
		{594CCD17-08D8-44EB-992A-6D6C7C78AECF}.Release|Any CPU.Build.0 = Release|Any CPU
		{8014543A-3309-4171-A43E-AD0B27D96D35}.Debug|Any CPU.ActiveCfg = Debug|Any CPU
		{8014543A-3309-4171-A43E-AD0B27D96D35}.Debug|Any CPU.Build.0 = Debug|Any CPU
		{8014543A-3309-4171-A43E-AD0B27D96D35}.Release|Any CPU.ActiveCfg = Release|Any CPU
		{8014543A-3309-4171-A43E-AD0B27D96D35}.Release|Any CPU.Build.0 = Release|Any CPU
		{40753EE0-CC44-40F0-9CDD-EDE0C262360A}.Debug|Any CPU.ActiveCfg = Debug|Any CPU
		{40753EE0-CC44-40F0-9CDD-EDE0C262360A}.Debug|Any CPU.Build.0 = Debug|Any CPU
		{40753EE0-CC44-40F0-9CDD-EDE0C262360A}.Release|Any CPU.ActiveCfg = Release|Any CPU
		{40753EE0-CC44-40F0-9CDD-EDE0C262360A}.Release|Any CPU.Build.0 = Release|Any CPU
		{0A67A19E-49BD-4717-A214-D8D06F80F9D0}.Debug|Any CPU.ActiveCfg = Debug|Any CPU
		{0A67A19E-49BD-4717-A214-D8D06F80F9D0}.Debug|Any CPU.Build.0 = Debug|Any CPU
		{0A67A19E-49BD-4717-A214-D8D06F80F9D0}.Release|Any CPU.ActiveCfg = Release|Any CPU
		{0A67A19E-49BD-4717-A214-D8D06F80F9D0}.Release|Any CPU.Build.0 = Release|Any CPU
		{A9AA5446-7A97-4219-B87D-A9D1AC02B039}.Debug|Any CPU.ActiveCfg = Debug|Any CPU
		{A9AA5446-7A97-4219-B87D-A9D1AC02B039}.Debug|Any CPU.Build.0 = Debug|Any CPU
		{A9AA5446-7A97-4219-B87D-A9D1AC02B039}.Release|Any CPU.ActiveCfg = Release|Any CPU
		{A9AA5446-7A97-4219-B87D-A9D1AC02B039}.Release|Any CPU.Build.0 = Release|Any CPU
		{1CCF92F7-0208-48F6-87B8-07D7AEC994E5}.Debug|Any CPU.ActiveCfg = Debug|Any CPU
		{1CCF92F7-0208-48F6-87B8-07D7AEC994E5}.Debug|Any CPU.Build.0 = Debug|Any CPU
		{1CCF92F7-0208-48F6-87B8-07D7AEC994E5}.Release|Any CPU.ActiveCfg = Release|Any CPU
		{1CCF92F7-0208-48F6-87B8-07D7AEC994E5}.Release|Any CPU.Build.0 = Release|Any CPU
		{D8E21EFA-CBE8-4852-8919-8AC812357BD8}.Debug|Any CPU.ActiveCfg = Debug|Any CPU
		{D8E21EFA-CBE8-4852-8919-8AC812357BD8}.Debug|Any CPU.Build.0 = Debug|Any CPU
		{D8E21EFA-CBE8-4852-8919-8AC812357BD8}.Release|Any CPU.ActiveCfg = Release|Any CPU
		{D8E21EFA-CBE8-4852-8919-8AC812357BD8}.Release|Any CPU.Build.0 = Release|Any CPU
		{7B5CDB3E-6965-4D7A-B69A-B9407F9F1492}.Debug|Any CPU.ActiveCfg = Debug|Any CPU
		{7B5CDB3E-6965-4D7A-B69A-B9407F9F1492}.Debug|Any CPU.Build.0 = Debug|Any CPU
		{7B5CDB3E-6965-4D7A-B69A-B9407F9F1492}.Release|Any CPU.ActiveCfg = Release|Any CPU
		{7B5CDB3E-6965-4D7A-B69A-B9407F9F1492}.Release|Any CPU.Build.0 = Release|Any CPU
	EndGlobalSection
	GlobalSection(SolutionProperties) = preSolution
		HideSolutionNode = FALSE
	EndGlobalSection
	GlobalSection(NestedProjects) = preSolution
		{6F5BD6A2-B408-4D00-AD48-02AB218DA58A} = {7A9A786B-9F62-4971-A2E0-0AE2B077F635}
		{594CCD17-08D8-44EB-992A-6D6C7C78AECF} = {7A9A786B-9F62-4971-A2E0-0AE2B077F635}
		{8014543A-3309-4171-A43E-AD0B27D96D35} = {7A9A786B-9F62-4971-A2E0-0AE2B077F635}
		{40753EE0-CC44-40F0-9CDD-EDE0C262360A} = {7A9A786B-9F62-4971-A2E0-0AE2B077F635}
		{0A67A19E-49BD-4717-A214-D8D06F80F9D0} = {7A9A786B-9F62-4971-A2E0-0AE2B077F635}
	EndGlobalSection
EndGlobal
